
Microsoft Visual Studio Solution File, Format Version 12.00
Project("{FAE04EC0-301F-11D3-BF4B-00C04F79EFBC}") = "ProblemDetails", "ProblemDetails\ProblemDetails.csproj", "{68219748-FDDF-44C3-9B31-C3756E151537}"
EndProject
Project("{FAE04EC0-301F-11D3-BF4B-00C04F79EFBC}") = "Sample.WebApi", "Sample.WebApi\Sample.WebApi.csproj", "{03B2FD25-967A-40B3-B8DB-5CC6AFEF6387}"
EndProject
Global
	GlobalSection(SolutionConfigurationPlatforms) = preSolution
		Debug|Any CPU = Debug|Any CPU
		Release|Any CPU = Release|Any CPU
	EndGlobalSection
	GlobalSection(ProjectConfigurationPlatforms) = postSolution
		{68219748-FDDF-44C3-9B31-C3756E151537}.Debug|Any CPU.ActiveCfg = Debug|Any CPU
		{68219748-FDDF-44C3-9B31-C3756E151537}.Debug|Any CPU.Build.0 = Debug|Any CPU
		{68219748-FDDF-44C3-9B31-C3756E151537}.Release|Any CPU.ActiveCfg = Release|Any CPU
		{68219748-FDDF-44C3-9B31-C3756E151537}.Release|Any CPU.Build.0 = Release|Any CPU
		{03B2FD25-967A-40B3-B8DB-5CC6AFEF6387}.Debug|Any CPU.ActiveCfg = Debug|Any CPU
		{03B2FD25-967A-40B3-B8DB-5CC6AFEF6387}.Debug|Any CPU.Build.0 = Debug|Any CPU
		{03B2FD25-967A-40B3-B8DB-5CC6AFEF6387}.Release|Any CPU.ActiveCfg = Release|Any CPU
		{03B2FD25-967A-40B3-B8DB-5CC6AFEF6387}.Release|Any CPU.Build.0 = Release|Any CPU
	EndGlobalSection
EndGlobal
